
Microsoft Visual Studio Solution File, Format Version 12.00
# Visual Studio 2013
VisualStudioVersion = 12.0.30723.0
MinimumVisualStudioVersion = 10.0.40219.1
Project("{FAE04EC0-301F-11D3-BF4B-00C04F79EFBC}") = "NPlant", "Src\NPlant\NPlant.csproj", "{870CE431-3A6A-4B0C-B0AC-9C4A08608B30}"
EndProject
Project("{FAE04EC0-301F-11D3-BF4B-00C04F79EFBC}") = "NPlant.NAntTasks", "Src\NPlant.NAntTasks\NPlant.NAntTasks.csproj", "{A8D56C11-CB5E-4AF5-B3AC-917ED2AC3111}"
EndProject
Project("{FAE04EC0-301F-11D3-BF4B-00C04F79EFBC}") = "NPlant.Tests", "Src\NPlant.Tests\NPlant.Tests.csproj", "{4061476B-12EE-4133-A600-6A9248D554B6}"
EndProject
Project("{FAE04EC0-301F-11D3-BF4B-00C04F79EFBC}") = "NPlant.Samples", "Src\NPlant.Samples\NPlant.Samples.csproj", "{185C9747-AA64-43DC-B098-7213BF51367B}"
EndProject
Project("{2150E333-8FDC-42A3-9474-1A3956D46DE8}") = "misc", "misc", "{8BB4078C-E777-4276-BE5C-F15EC5C5CD5B}"
	ProjectSection(SolutionItems) = preProject
		license.txt = license.txt
		README.md = README.md
		SimpleHasManyDiagram.png = SimpleHasManyDiagram.png
	EndProjectSection
EndProject
Project("{FAE04EC0-301F-11D3-BF4B-00C04F79EFBC}") = "NPlant.UI", "Src\NPlant.UI\NPlant.UI.csproj", "{B75BA5EE-848E-40A3-A428-F553EA3D37A8}"
EndProject
Global
	GlobalSection(SolutionConfigurationPlatforms) = preSolution
		Debug|Any CPU = Debug|Any CPU
		Release|Any CPU = Release|Any CPU
	EndGlobalSection
	GlobalSection(ProjectConfigurationPlatforms) = postSolution
		{870CE431-3A6A-4B0C-B0AC-9C4A08608B30}.Debug|Any CPU.ActiveCfg = Debug|Any CPU
		{870CE431-3A6A-4B0C-B0AC-9C4A08608B30}.Debug|Any CPU.Build.0 = Debug|Any CPU
		{870CE431-3A6A-4B0C-B0AC-9C4A08608B30}.Release|Any CPU.ActiveCfg = Release|Any CPU
		{870CE431-3A6A-4B0C-B0AC-9C4A08608B30}.Release|Any CPU.Build.0 = Release|Any CPU
		{A8D56C11-CB5E-4AF5-B3AC-917ED2AC3111}.Debug|Any CPU.ActiveCfg = Debug|Any CPU
		{A8D56C11-CB5E-4AF5-B3AC-917ED2AC3111}.Debug|Any CPU.Build.0 = Debug|Any CPU
		{A8D56C11-CB5E-4AF5-B3AC-917ED2AC3111}.Release|Any CPU.ActiveCfg = Release|Any CPU
		{A8D56C11-CB5E-4AF5-B3AC-917ED2AC3111}.Release|Any CPU.Build.0 = Release|Any CPU
		{4061476B-12EE-4133-A600-6A9248D554B6}.Debug|Any CPU.ActiveCfg = Debug|Any CPU
		{4061476B-12EE-4133-A600-6A9248D554B6}.Debug|Any CPU.Build.0 = Debug|Any CPU
		{4061476B-12EE-4133-A600-6A9248D554B6}.Release|Any CPU.ActiveCfg = Release|Any CPU
		{4061476B-12EE-4133-A600-6A9248D554B6}.Release|Any CPU.Build.0 = Release|Any CPU
		{185C9747-AA64-43DC-B098-7213BF51367B}.Debug|Any CPU.ActiveCfg = Debug|Any CPU
		{185C9747-AA64-43DC-B098-7213BF51367B}.Debug|Any CPU.Build.0 = Debug|Any CPU
		{185C9747-AA64-43DC-B098-7213BF51367B}.Release|Any CPU.ActiveCfg = Release|Any CPU
		{185C9747-AA64-43DC-B098-7213BF51367B}.Release|Any CPU.Build.0 = Release|Any CPU
		{B75BA5EE-848E-40A3-A428-F553EA3D37A8}.Debug|Any CPU.ActiveCfg = Debug|Any CPU
		{B75BA5EE-848E-40A3-A428-F553EA3D37A8}.Debug|Any CPU.Build.0 = Debug|Any CPU
		{B75BA5EE-848E-40A3-A428-F553EA3D37A8}.Release|Any CPU.ActiveCfg = Release|Any CPU
		{B75BA5EE-848E-40A3-A428-F553EA3D37A8}.Release|Any CPU.Build.0 = Release|Any CPU
	EndGlobalSection
	GlobalSection(SolutionProperties) = preSolution
		HideSolutionNode = FALSE
	EndGlobalSection
EndGlobal
