
Microsoft Visual Studio Solution File, Format Version 12.00
# Visual Studio 2012
Project("{FAE04EC0-301F-11D3-BF4B-00C04F79EFBC}") = "NPlant", "NPlant.csproj", "{870CE431-3A6A-4B0C-B0AC-9C4A08608B30}"
EndProject
Global
	GlobalSection(SolutionConfigurationPlatforms) = preSolution
		Debug|Any CPU = Debug|Any CPU
		Release|Any CPU = Release|Any CPU
	EndGlobalSection
	GlobalSection(ProjectConfigurationPlatforms) = postSolution
		{870CE431-3A6A-4B0C-B0AC-9C4A08608B30}.Debug|Any CPU.ActiveCfg = Debug|Any CPU
		{870CE431-3A6A-4B0C-B0AC-9C4A08608B30}.Debug|Any CPU.Build.0 = Debug|Any CPU
		{870CE431-3A6A-4B0C-B0AC-9C4A08608B30}.Release|Any CPU.ActiveCfg = Release|Any CPU
		{870CE431-3A6A-4B0C-B0AC-9C4A08608B30}.Release|Any CPU.Build.0 = Release|Any CPU
	EndGlobalSection
	GlobalSection(SolutionProperties) = preSolution
		HideSolutionNode = FALSE
	EndGlobalSection
EndGlobal
